
Microsoft Visual Studio Solution File, Format Version 12.00
# Visual Studio Version 17
VisualStudioVersion = 17.13.35818.85 d17.13
MinimumVisualStudioVersion = 10.0.40219.1
Project("{FAE04EC0-301F-11D3-BF4B-00C04F79EFBC}") = "2025_0221_likeLion7", "2025_0221_likeLion7\2025_0221_likeLion7.csproj", "{37639009-1C6C-4CDB-AFE8-4F356393B848}"
EndProject
Global
	GlobalSection(SolutionConfigurationPlatforms) = preSolution
		Debug|Any CPU = Debug|Any CPU
		Release|Any CPU = Release|Any CPU
	EndGlobalSection
	GlobalSection(ProjectConfigurationPlatforms) = postSolution
		{37639009-1C6C-4CDB-AFE8-4F356393B848}.Debug|Any CPU.ActiveCfg = Debug|Any CPU
		{37639009-1C6C-4CDB-AFE8-4F356393B848}.Debug|Any CPU.Build.0 = Debug|Any CPU
		{37639009-1C6C-4CDB-AFE8-4F356393B848}.Release|Any CPU.ActiveCfg = Release|Any CPU
		{37639009-1C6C-4CDB-AFE8-4F356393B848}.Release|Any CPU.Build.0 = Release|Any CPU
	EndGlobalSection
	GlobalSection(SolutionProperties) = preSolution
		HideSolutionNode = FALSE
	EndGlobalSection
	GlobalSection(ExtensibilityGlobals) = postSolution
		SolutionGuid = {6EBAAF8F-27CD-4082-9443-EA38AB5C67FE}
	EndGlobalSection
EndGlobal
