
Microsoft Visual Studio Solution File, Format Version 12.00
# Visual Studio Version 17
VisualStudioVersion = 17.13.35818.85 d17.13
MinimumVisualStudioVersion = 10.0.40219.1
Project("{FAE04EC0-301F-11D3-BF4B-00C04F79EFBC}") = "2025_0305_study6", "2025_0305_study6\2025_0305_study6.csproj", "{4DA0247F-883E-4017-A27A-001C6109B5CD}"
EndProject
Global
	GlobalSection(SolutionConfigurationPlatforms) = preSolution
		Debug|Any CPU = Debug|Any CPU
		Release|Any CPU = Release|Any CPU
	EndGlobalSection
	GlobalSection(ProjectConfigurationPlatforms) = postSolution
		{4DA0247F-883E-4017-A27A-001C6109B5CD}.Debug|Any CPU.ActiveCfg = Debug|Any CPU
		{4DA0247F-883E-4017-A27A-001C6109B5CD}.Debug|Any CPU.Build.0 = Debug|Any CPU
		{4DA0247F-883E-4017-A27A-001C6109B5CD}.Release|Any CPU.ActiveCfg = Release|Any CPU
		{4DA0247F-883E-4017-A27A-001C6109B5CD}.Release|Any CPU.Build.0 = Release|Any CPU
	EndGlobalSection
	GlobalSection(SolutionProperties) = preSolution
		HideSolutionNode = FALSE
	EndGlobalSection
	GlobalSection(ExtensibilityGlobals) = postSolution
		SolutionGuid = {04905BAA-3946-4F22-9D33-9940786B9B6B}
	EndGlobalSection
EndGlobal
