
Microsoft Visual Studio Solution File, Format Version 12.00
# Visual Studio Version 17
VisualStudioVersion = 17.13.35818.85 d17.13
MinimumVisualStudioVersion = 10.0.40219.1
Project("{FAE04EC0-301F-11D3-BF4B-00C04F79EFBC}") = "2025_0307_벽돌깨기_과제", "2025_0307_벽돌깨기_과제\2025_0307_벽돌깨기_과제.csproj", "{AEA40C74-0F8F-4EB6-9195-F9CEA35598A3}"
EndProject
Global
	GlobalSection(SolutionConfigurationPlatforms) = preSolution
		Debug|Any CPU = Debug|Any CPU
		Release|Any CPU = Release|Any CPU
	EndGlobalSection
	GlobalSection(ProjectConfigurationPlatforms) = postSolution
		{AEA40C74-0F8F-4EB6-9195-F9CEA35598A3}.Debug|Any CPU.ActiveCfg = Debug|Any CPU
		{AEA40C74-0F8F-4EB6-9195-F9CEA35598A3}.Debug|Any CPU.Build.0 = Debug|Any CPU
		{AEA40C74-0F8F-4EB6-9195-F9CEA35598A3}.Release|Any CPU.ActiveCfg = Release|Any CPU
		{AEA40C74-0F8F-4EB6-9195-F9CEA35598A3}.Release|Any CPU.Build.0 = Release|Any CPU
	EndGlobalSection
	GlobalSection(SolutionProperties) = preSolution
		HideSolutionNode = FALSE
	EndGlobalSection
	GlobalSection(ExtensibilityGlobals) = postSolution
		SolutionGuid = {CA82FEA2-F5FC-419C-8A92-45B7AA93C9D6}
	EndGlobalSection
EndGlobal
