
Microsoft Visual Studio Solution File, Format Version 12.00
# Visual Studio Version 17
VisualStudioVersion = 17.13.35818.85 d17.13
MinimumVisualStudioVersion = 10.0.40219.1
Project("{FAE04EC0-301F-11D3-BF4B-00C04F79EFBC}") = "2025_0225_과제2", "2025_0225_과제2\2025_0225_과제2.csproj", "{358BC080-273D-4DB8-A251-2D788387B6B0}"
EndProject
Global
	GlobalSection(SolutionConfigurationPlatforms) = preSolution
		Debug|Any CPU = Debug|Any CPU
		Release|Any CPU = Release|Any CPU
	EndGlobalSection
	GlobalSection(ProjectConfigurationPlatforms) = postSolution
		{358BC080-273D-4DB8-A251-2D788387B6B0}.Debug|Any CPU.ActiveCfg = Debug|Any CPU
		{358BC080-273D-4DB8-A251-2D788387B6B0}.Debug|Any CPU.Build.0 = Debug|Any CPU
		{358BC080-273D-4DB8-A251-2D788387B6B0}.Release|Any CPU.ActiveCfg = Release|Any CPU
		{358BC080-273D-4DB8-A251-2D788387B6B0}.Release|Any CPU.Build.0 = Release|Any CPU
	EndGlobalSection
	GlobalSection(SolutionProperties) = preSolution
		HideSolutionNode = FALSE
	EndGlobalSection
	GlobalSection(ExtensibilityGlobals) = postSolution
		SolutionGuid = {6C3C0D19-0A32-4472-86F2-CD02D18653B3}
	EndGlobalSection
EndGlobal
